// !$*UTF8*$!
{
	archiveVersion = 1;
	classes = {
	};
	objectVersion = 50;
	objects = {

/* Begin PBXBuildFile section */
		D258E33E264CC769007BEEF3 /* CustomCell.swift in Sources */ = {isa = PBXBuildFile; fileRef = D258E33D264CC769007BEEF3 /* CustomCell.swift */; };
		D258E340264CCDB5007BEEF3 /* PageCell.swift in Sources */ = {isa = PBXBuildFile; fileRef = D258E33F264CCDB5007BEEF3 /* PageCell.swift */; };
		D258E342264CCDCB007BEEF3 /* CustomCell.xib in Resources */ = {isa = PBXBuildFile; fileRef = D258E341264CCDCB007BEEF3 /* CustomCell.xib */; };
		D258E344264CCE00007BEEF3 /* PageCell.xib in Resources */ = {isa = PBXBuildFile; fileRef = D258E343264CCE00007BEEF3 /* PageCell.xib */; };
		D258E355264CCE72007BEEF3 /* NSObject + reusableIdentifier.swift in Sources */ = {isa = PBXBuildFile; fileRef = D258E354264CCE72007BEEF3 /* NSObject + reusableIdentifier.swift */; };
		D258E357264CCE77007BEEF3 /* CustomMenuBar.swift in Sources */ = {isa = PBXBuildFile; fileRef = D258E356264CCE77007BEEF3 /* CustomMenuBar.swift */; };
		D258E359264CCEBB007BEEF3 /* AppDelegate.swift in Sources */ = {isa = PBXBuildFile; fileRef = D258E358264CCEBB007BEEF3 /* AppDelegate.swift */; };
		D258E35B264CCF3A007BEEF3 /* MainVC.swift in Sources */ = {isa = PBXBuildFile; fileRef = D258E35A264CCF1F007BEEF3 /* MainVC.swift */; };
		F4E0545A26467970007C1349 /* Daymoji.xcdatamodeld in Sources */ = {isa = PBXBuildFile; fileRef = F4E0545826467970007C1349 /* Daymoji.xcdatamodeld */; };
		F4E0545C26467972007C1349 /* Assets.xcassets in Resources */ = {isa = PBXBuildFile; fileRef = F4E0545B26467972007C1349 /* Assets.xcassets */; };
		F4E0545F26467972007C1349 /* LaunchScreen.storyboard in Resources */ = {isa = PBXBuildFile; fileRef = F4E0545D26467972007C1349 /* LaunchScreen.storyboard */; };
/* End PBXBuildFile section */

/* Begin PBXFileReference section */
		D258E33D264CC769007BEEF3 /* CustomCell.swift */ = {isa = PBXFileReference; lastKnownFileType = sourcecode.swift; path = CustomCell.swift; sourceTree = "<group>"; };
		D258E33F264CCDB5007BEEF3 /* PageCell.swift */ = {isa = PBXFileReference; fileEncoding = 4; lastKnownFileType = sourcecode.swift; name = PageCell.swift; path = "../../../../../Downloads/tistory-ios-master/CustomTabBar/CustomTabBar/Cells/PageCell.swift"; sourceTree = "<group>"; };
		D258E341264CCDCB007BEEF3 /* CustomCell.xib */ = {isa = PBXFileReference; fileEncoding = 4; lastKnownFileType = file.xib; name = CustomCell.xib; path = "../../../../../Downloads/tistory-ios-master/CustomTabBar/CustomTabBar/Cells/CustomCell.xib"; sourceTree = "<group>"; };
		D258E343264CCE00007BEEF3 /* PageCell.xib */ = {isa = PBXFileReference; fileEncoding = 4; lastKnownFileType = file.xib; name = PageCell.xib; path = "../../../../../Downloads/tistory-ios-master/CustomTabBar/CustomTabBar/Cells/PageCell.xib"; sourceTree = "<group>"; };
		D258E351264CCE51007BEEF3 /* DaymojiTests copy-Info.plist */ = {isa = PBXFileReference; lastKnownFileType = text.plist.xml; name = "DaymojiTests copy-Info.plist"; path = "/Users/gimseonghyeon/Desktop/develope/Daymoji-main/DaymojiTests copy-Info.plist"; sourceTree = "<absolute>"; };
		D258E354264CCE72007BEEF3 /* NSObject + reusableIdentifier.swift */ = {isa = PBXFileReference; fileEncoding = 4; lastKnownFileType = sourcecode.swift; name = "NSObject + reusableIdentifier.swift"; path = "../../../../Downloads/tistory-ios-master/CustomTabBar/CustomTabBar/Extensions/NSObject + reusableIdentifier.swift"; sourceTree = "<group>"; };
		D258E356264CCE77007BEEF3 /* CustomMenuBar.swift */ = {isa = PBXFileReference; fileEncoding = 4; lastKnownFileType = sourcecode.swift; name = CustomMenuBar.swift; path = "../../../../Downloads/tistory-ios-master/CustomTabBar/CustomTabBar/Views/CustomMenuBar.swift"; sourceTree = "<group>"; };
		D258E358264CCEBB007BEEF3 /* AppDelegate.swift */ = {isa = PBXFileReference; fileEncoding = 4; lastKnownFileType = sourcecode.swift; name = AppDelegate.swift; path = "../../../../Downloads/tistory-ios-master/CustomTabBar/CustomTabBar/AppDelegate.swift"; sourceTree = "<group>"; };
		D258E35A264CCF1F007BEEF3 /* MainVC.swift */ = {isa = PBXFileReference; lastKnownFileType = sourcecode.swift; path = MainVC.swift; sourceTree = "<group>"; };
		F4E0544C26467970007C1349 /* Daymoji.app */ = {isa = PBXFileReference; explicitFileType = wrapper.application; includeInIndex = 0; path = Daymoji.app; sourceTree = BUILT_PRODUCTS_DIR; };
		F4E0545926467970007C1349 /* Daymoji.xcdatamodel */ = {isa = PBXFileReference; lastKnownFileType = wrapper.xcdatamodel; path = Daymoji.xcdatamodel; sourceTree = "<group>"; };
		F4E0545B26467972007C1349 /* Assets.xcassets */ = {isa = PBXFileReference; lastKnownFileType = folder.assetcatalog; path = Assets.xcassets; sourceTree = "<group>"; };
		F4E0545E26467972007C1349 /* Base */ = {isa = PBXFileReference; lastKnownFileType = file.storyboard; name = Base; path = Base.lproj/LaunchScreen.storyboard; sourceTree = "<group>"; };
		F4E0546026467972007C1349 /* Info.plist */ = {isa = PBXFileReference; lastKnownFileType = text.plist.xml; path = Info.plist; sourceTree = "<group>"; };
/* End PBXFileReference section */

/* Begin PBXFrameworksBuildPhase section */
		F4E0544926467970007C1349 /* Frameworks */ = {
			isa = PBXFrameworksBuildPhase;
			buildActionMask = 2147483647;
			files = (
			);
			runOnlyForDeploymentPostprocessing = 0;
		};
/* End PBXFrameworksBuildPhase section */

/* Begin PBXGroup section */
		D258E33C264CC747007BEEF3 /* Cells */ = {
			isa = PBXGroup;
			children = (
				D258E343264CCE00007BEEF3 /* PageCell.xib */,
				D258E341264CCDCB007BEEF3 /* CustomCell.xib */,
				D258E33F264CCDB5007BEEF3 /* PageCell.swift */,
				D258E33D264CC769007BEEF3 /* CustomCell.swift */,
			);
			path = Cells;
			sourceTree = "<group>";
		};
		F4E0544326467970007C1349 = {
			isa = PBXGroup;
			children = (
				F4E0544E26467970007C1349 /* Daymoji */,
				F4E0544D26467970007C1349 /* Products */,
				D258E351264CCE51007BEEF3 /* DaymojiTests copy-Info.plist */,
			);
			sourceTree = "<group>";
		};
		F4E0544D26467970007C1349 /* Products */ = {
			isa = PBXGroup;
			children = (
				F4E0544C26467970007C1349 /* Daymoji.app */,
			);
			name = Products;
			sourceTree = "<group>";
		};
		F4E0544E26467970007C1349 /* Daymoji */ = {
			isa = PBXGroup;
			children = (
				D258E35A264CCF1F007BEEF3 /* MainVC.swift */,
				D258E358264CCEBB007BEEF3 /* AppDelegate.swift */,
				D258E354264CCE72007BEEF3 /* NSObject + reusableIdentifier.swift */,
				D258E356264CCE77007BEEF3 /* CustomMenuBar.swift */,
				D258E33C264CC747007BEEF3 /* Cells */,
				F4E0545B26467972007C1349 /* Assets.xcassets */,
				F4E0545D26467972007C1349 /* LaunchScreen.storyboard */,
				F4E0546026467972007C1349 /* Info.plist */,
				F4E0545826467970007C1349 /* Daymoji.xcdatamodeld */,
			);
			path = Daymoji;
			sourceTree = "<group>";
		};
/* End PBXGroup section */

/* Begin PBXNativeTarget section */
		F4E0544B26467970007C1349 /* Daymoji */ = {
			isa = PBXNativeTarget;
			buildConfigurationList = F4E0547926467973007C1349 /* Build configuration list for PBXNativeTarget "Daymoji" */;
			buildPhases = (
				F4E0544826467970007C1349 /* Sources */,
				F4E0544926467970007C1349 /* Frameworks */,
				F4E0544A26467970007C1349 /* Resources */,
			);
			buildRules = (
			);
			dependencies = (
			);
			name = Daymoji;
			productName = Daymoji;
			productReference = F4E0544C26467970007C1349 /* Daymoji.app */;
			productType = "com.apple.product-type.application";
		};
/* End PBXNativeTarget section */

/* Begin PBXProject section */
		F4E0544426467970007C1349 /* Project object */ = {
			isa = PBXProject;
			attributes = {
				LastSwiftUpdateCheck = 1240;
				LastUpgradeCheck = 1240;
				TargetAttributes = {
					F4E0544B26467970007C1349 = {
						CreatedOnToolsVersion = 12.4;
					};
				};
			};
			buildConfigurationList = F4E0544726467970007C1349 /* Build configuration list for PBXProject "Daymoji" */;
			compatibilityVersion = "Xcode 9.3";
			developmentRegion = en;
			hasScannedForEncodings = 0;
			knownRegions = (
				en,
				Base,
			);
			mainGroup = F4E0544326467970007C1349;
			productRefGroup = F4E0544D26467970007C1349 /* Products */;
			projectDirPath = "";
			projectRoot = "";
			targets = (
				F4E0544B26467970007C1349 /* Daymoji */,
			);
		};
/* End PBXProject section */

/* Begin PBXResourcesBuildPhase section */
		F4E0544A26467970007C1349 /* Resources */ = {
			isa = PBXResourcesBuildPhase;
			buildActionMask = 2147483647;
			files = (
				F4E0545F26467972007C1349 /* LaunchScreen.storyboard in Resources */,
				F4E0545C26467972007C1349 /* Assets.xcassets in Resources */,
				D258E342264CCDCB007BEEF3 /* CustomCell.xib in Resources */,
				D258E344264CCE00007BEEF3 /* PageCell.xib in Resources */,
			);
			runOnlyForDeploymentPostprocessing = 0;
		};
/* End PBXResourcesBuildPhase section */

/* Begin PBXSourcesBuildPhase section */
		F4E0544826467970007C1349 /* Sources */ = {
			isa = PBXSourcesBuildPhase;
			buildActionMask = 2147483647;
			files = (
				F4E0545A26467970007C1349 /* Daymoji.xcdatamodeld in Sources */,
				D258E340264CCDB5007BEEF3 /* PageCell.swift in Sources */,
				D258E357264CCE77007BEEF3 /* CustomMenuBar.swift in Sources */,
				D258E359264CCEBB007BEEF3 /* AppDelegate.swift in Sources */,
				D258E33E264CC769007BEEF3 /* CustomCell.swift in Sources */,
				D258E355264CCE72007BEEF3 /* NSObject + reusableIdentifier.swift in Sources */,
				D258E35B264CCF3A007BEEF3 /* MainVC.swift in Sources */,
			);
			runOnlyForDeploymentPostprocessing = 0;
		};
/* End PBXSourcesBuildPhase section */

/* Begin PBXVariantGroup section */
		F4E0545D26467972007C1349 /* LaunchScreen.storyboard */ = {
			isa = PBXVariantGroup;
			children = (
				F4E0545E26467972007C1349 /* Base */,
			);
			name = LaunchScreen.storyboard;
			sourceTree = "<group>";
		};
/* End PBXVariantGroup section */

/* Begin XCBuildConfiguration section */
		F4E0547726467973007C1349 /* Debug */ = {
			isa = XCBuildConfiguration;
			buildSettings = {
				ALWAYS_SEARCH_USER_PATHS = NO;
				CLANG_ANALYZER_NONNULL = YES;
				CLANG_ANALYZER_NUMBER_OBJECT_CONVERSION = YES_AGGRESSIVE;
				CLANG_CXX_LANGUAGE_STANDARD = "gnu++14";
				CLANG_CXX_LIBRARY = "libc++";
				CLANG_ENABLE_MODULES = YES;
				CLANG_ENABLE_OBJC_ARC = YES;
				CLANG_ENABLE_OBJC_WEAK = YES;
				CLANG_WARN_BLOCK_CAPTURE_AUTORELEASING = YES;
				CLANG_WARN_BOOL_CONVERSION = YES;
				CLANG_WARN_COMMA = YES;
				CLANG_WARN_CONSTANT_CONVERSION = YES;
				CLANG_WARN_DEPRECATED_OBJC_IMPLEMENTATIONS = YES;
				CLANG_WARN_DIRECT_OBJC_ISA_USAGE = YES_ERROR;
				CLANG_WARN_DOCUMENTATION_COMMENTS = YES;
				CLANG_WARN_EMPTY_BODY = YES;
				CLANG_WARN_ENUM_CONVERSION = YES;
				CLANG_WARN_INFINITE_RECURSION = YES;
				CLANG_WARN_INT_CONVERSION = YES;
				CLANG_WARN_NON_LITERAL_NULL_CONVERSION = YES;
				CLANG_WARN_OBJC_IMPLICIT_RETAIN_SELF = YES;
				CLANG_WARN_OBJC_LITERAL_CONVERSION = YES;
				CLANG_WARN_OBJC_ROOT_CLASS = YES_ERROR;
				CLANG_WARN_QUOTED_INCLUDE_IN_FRAMEWORK_HEADER = YES;
				CLANG_WARN_RANGE_LOOP_ANALYSIS = YES;
				CLANG_WARN_STRICT_PROTOTYPES = YES;
				CLANG_WARN_SUSPICIOUS_MOVE = YES;
				CLANG_WARN_UNGUARDED_AVAILABILITY = YES_AGGRESSIVE;
				CLANG_WARN_UNREACHABLE_CODE = YES;
				CLANG_WARN__DUPLICATE_METHOD_MATCH = YES;
				COPY_PHASE_STRIP = NO;
				DEBUG_INFORMATION_FORMAT = dwarf;
				ENABLE_STRICT_OBJC_MSGSEND = YES;
				ENABLE_TESTABILITY = YES;
				GCC_C_LANGUAGE_STANDARD = gnu11;
				GCC_DYNAMIC_NO_PIC = NO;
				GCC_NO_COMMON_BLOCKS = YES;
				GCC_OPTIMIZATION_LEVEL = 0;
				GCC_PREPROCESSOR_DEFINITIONS = (
					"DEBUG=1",
					"$(inherited)",
				);
				GCC_WARN_64_TO_32_BIT_CONVERSION = YES;
				GCC_WARN_ABOUT_RETURN_TYPE = YES_ERROR;
				GCC_WARN_UNDECLARED_SELECTOR = YES;
				GCC_WARN_UNINITIALIZED_AUTOS = YES_AGGRESSIVE;
				GCC_WARN_UNUSED_FUNCTION = YES;
				GCC_WARN_UNUSED_VARIABLE = YES;
				IPHONEOS_DEPLOYMENT_TARGET = 14.4;
				MTL_ENABLE_DEBUG_INFO = INCLUDE_SOURCE;
				MTL_FAST_MATH = YES;
				ONLY_ACTIVE_ARCH = YES;
				SDKROOT = iphoneos;
				SWIFT_ACTIVE_COMPILATION_CONDITIONS = DEBUG;
				SWIFT_OPTIMIZATION_LEVEL = "-Onone";
			};
			name = Debug;
		};
		F4E0547826467973007C1349 /* Release */ = {
			isa = XCBuildConfiguration;
			buildSettings = {
				ALWAYS_SEARCH_USER_PATHS = NO;
				CLANG_ANALYZER_NONNULL = YES;
				CLANG_ANALYZER_NUMBER_OBJECT_CONVERSION = YES_AGGRESSIVE;
				CLANG_CXX_LANGUAGE_STANDARD = "gnu++14";
				CLANG_CXX_LIBRARY = "libc++";
				CLANG_ENABLE_MODULES = YES;
				CLANG_ENABLE_OBJC_ARC = YES;
				CLANG_ENABLE_OBJC_WEAK = YES;
				CLANG_WARN_BLOCK_CAPTURE_AUTORELEASING = YES;
				CLANG_WARN_BOOL_CONVERSION = YES;
				CLANG_WARN_COMMA = YES;
				CLANG_WARN_CONSTANT_CONVERSION = YES;
				CLANG_WARN_DEPRECATED_OBJC_IMPLEMENTATIONS = YES;
				CLANG_WARN_DIRECT_OBJC_ISA_USAGE = YES_ERROR;
				CLANG_WARN_DOCUMENTATION_COMMENTS = YES;
				CLANG_WARN_EMPTY_BODY = YES;
				CLANG_WARN_ENUM_CONVERSION = YES;
				CLANG_WARN_INFINITE_RECURSION = YES;
				CLANG_WARN_INT_CONVERSION = YES;
				CLANG_WARN_NON_LITERAL_NULL_CONVERSION = YES;
				CLANG_WARN_OBJC_IMPLICIT_RETAIN_SELF = YES;
				CLANG_WARN_OBJC_LITERAL_CONVERSION = YES;
				CLANG_WARN_OBJC_ROOT_CLASS = YES_ERROR;
				CLANG_WARN_QUOTED_INCLUDE_IN_FRAMEWORK_HEADER = YES;
				CLANG_WARN_RANGE_LOOP_ANALYSIS = YES;
				CLANG_WARN_STRICT_PROTOTYPES = YES;
				CLANG_WARN_SUSPICIOUS_MOVE = YES;
				CLANG_WARN_UNGUARDED_AVAILABILITY = YES_AGGRESSIVE;
				CLANG_WARN_UNREACHABLE_CODE = YES;
				CLANG_WARN__DUPLICATE_METHOD_MATCH = YES;
				COPY_PHASE_STRIP = NO;
				DEBUG_INFORMATION_FORMAT = "dwarf-with-dsym";
				ENABLE_NS_ASSERTIONS = NO;
				ENABLE_STRICT_OBJC_MSGSEND = YES;
				GCC_C_LANGUAGE_STANDARD = gnu11;
				GCC_NO_COMMON_BLOCKS = YES;
				GCC_WARN_64_TO_32_BIT_CONVERSION = YES;
				GCC_WARN_ABOUT_RETURN_TYPE = YES_ERROR;
				GCC_WARN_UNDECLARED_SELECTOR = YES;
				GCC_WARN_UNINITIALIZED_AUTOS = YES_AGGRESSIVE;
				GCC_WARN_UNUSED_FUNCTION = YES;
				GCC_WARN_UNUSED_VARIABLE = YES;
				IPHONEOS_DEPLOYMENT_TARGET = 14.4;
				MTL_ENABLE_DEBUG_INFO = NO;
				MTL_FAST_MATH = YES;
				SDKROOT = iphoneos;
				SWIFT_COMPILATION_MODE = wholemodule;
				SWIFT_OPTIMIZATION_LEVEL = "-O";
				VALIDATE_PRODUCT = YES;
			};
			name = Release;
		};
		F4E0547A26467973007C1349 /* Debug */ = {
			isa = XCBuildConfiguration;
			buildSettings = {
				ASSETCATALOG_COMPILER_APPICON_NAME = AppIcon;
				ASSETCATALOG_COMPILER_GLOBAL_ACCENT_COLOR_NAME = AccentColor;
				CODE_SIGN_STYLE = Automatic;
				INFOPLIST_FILE = Daymoji/Info.plist;
				LD_RUNPATH_SEARCH_PATHS = (
					"$(inherited)",
					"@executable_path/Frameworks",
				);
				PRODUCT_BUNDLE_IDENTIFIER = msg.Daymoji;
				PRODUCT_NAME = "$(TARGET_NAME)";
				SWIFT_VERSION = 5.0;
				TARGETED_DEVICE_FAMILY = "1,2";
			};
			name = Debug;
		};
		F4E0547B26467973007C1349 /* Release */ = {
			isa = XCBuildConfiguration;
			buildSettings = {
				ASSETCATALOG_COMPILER_APPICON_NAME = AppIcon;
				ASSETCATALOG_COMPILER_GLOBAL_ACCENT_COLOR_NAME = AccentColor;
				CODE_SIGN_STYLE = Automatic;
				INFOPLIST_FILE = Daymoji/Info.plist;
				LD_RUNPATH_SEARCH_PATHS = (
					"$(inherited)",
					"@executable_path/Frameworks",
				);
				PRODUCT_BUNDLE_IDENTIFIER = msg.Daymoji;
				PRODUCT_NAME = "$(TARGET_NAME)";
				SWIFT_VERSION = 5.0;
				TARGETED_DEVICE_FAMILY = "1,2";
			};
			name = Release;
		};
/* End XCBuildConfiguration section */

/* Begin XCConfigurationList section */
		F4E0544726467970007C1349 /* Build configuration list for PBXProject "Daymoji" */ = {
			isa = XCConfigurationList;
			buildConfigurations = (
				F4E0547726467973007C1349 /* Debug */,
				F4E0547826467973007C1349 /* Release */,
			);
			defaultConfigurationIsVisible = 0;
			defaultConfigurationName = Release;
		};
		F4E0547926467973007C1349 /* Build configuration list for PBXNativeTarget "Daymoji" */ = {
			isa = XCConfigurationList;
			buildConfigurations = (
				F4E0547A26467973007C1349 /* Debug */,
				F4E0547B26467973007C1349 /* Release */,
			);
			defaultConfigurationIsVisible = 0;
			defaultConfigurationName = Release;
		};
/* End XCConfigurationList section */

/* Begin XCVersionGroup section */
		F4E0545826467970007C1349 /* Daymoji.xcdatamodeld */ = {
			isa = XCVersionGroup;
			children = (
				F4E0545926467970007C1349 /* Daymoji.xcdatamodel */,
			);
			currentVersion = F4E0545926467970007C1349 /* Daymoji.xcdatamodel */;
			path = Daymoji.xcdatamodeld;
			sourceTree = "<group>";
			versionGroupType = wrapper.xcdatamodel;
		};
/* End XCVersionGroup section */
	};
	rootObject = F4E0544426467970007C1349 /* Project object */;
}
